
Microsoft Visual Studio Solution File, Format Version 12.00
# Visual Studio 15
VisualStudioVersion = 15.0.28307.168
MinimumVisualStudioVersion = 10.0.40219.1
Project("{FAE04EC0-301F-11D3-BF4B-00C04F79EFBC}") = "KmK_Movie_Ticket_Reservation", "KmK_Movie_Ticket_Reservation\KmK_Movie_Ticket_Reservation.csproj", "{93373379-D2EB-44A4-AD19-A0881C64AB01}"
EndProject
Global
	GlobalSection(SolutionConfigurationPlatforms) = preSolution
		Debug|Any CPU = Debug|Any CPU
		Release|Any CPU = Release|Any CPU
	EndGlobalSection
	GlobalSection(ProjectConfigurationPlatforms) = postSolution
		{93373379-D2EB-44A4-AD19-A0881C64AB01}.Debug|Any CPU.ActiveCfg = Debug|Any CPU
		{93373379-D2EB-44A4-AD19-A0881C64AB01}.Debug|Any CPU.Build.0 = Debug|Any CPU
		{93373379-D2EB-44A4-AD19-A0881C64AB01}.Release|Any CPU.ActiveCfg = Release|Any CPU
		{93373379-D2EB-44A4-AD19-A0881C64AB01}.Release|Any CPU.Build.0 = Release|Any CPU
	EndGlobalSection
	GlobalSection(SolutionProperties) = preSolution
		HideSolutionNode = FALSE
	EndGlobalSection
	GlobalSection(ExtensibilityGlobals) = postSolution
		SolutionGuid = {FB20F603-BFE4-43DA-AD74-AFD612906F46}
	EndGlobalSection
EndGlobal
